
Microsoft Visual Studio Solution File, Format Version 12.00
# Visual Studio Version 17
VisualStudioVersion = 17.8.34525.116
MinimumVisualStudioVersion = 10.0.40219.1
Project("{FAE04EC0-301F-11D3-BF4B-00C04F79EFBC}") = "TileSort", "TileSort.csproj", "{F96EC1C4-E9C0-4925-917E-BBBDA8425295}"
EndProject
Global
	GlobalSection(SolutionConfigurationPlatforms) = preSolution
		Debug|Any CPU = Debug|Any CPU
		Release|Any CPU = Release|Any CPU
	EndGlobalSection
	GlobalSection(ProjectConfigurationPlatforms) = postSolution
		{F96EC1C4-E9C0-4925-917E-BBBDA8425295}.Debug|Any CPU.ActiveCfg = Debug|Any CPU
		{F96EC1C4-E9C0-4925-917E-BBBDA8425295}.Debug|Any CPU.Build.0 = Debug|Any CPU
		{F96EC1C4-E9C0-4925-917E-BBBDA8425295}.Release|Any CPU.ActiveCfg = Release|Any CPU
		{F96EC1C4-E9C0-4925-917E-BBBDA8425295}.Release|Any CPU.Build.0 = Release|Any CPU
	EndGlobalSection
	GlobalSection(SolutionProperties) = preSolution
		HideSolutionNode = FALSE
	EndGlobalSection
	GlobalSection(ExtensibilityGlobals) = postSolution
		SolutionGuid = {9F39D3C9-4BA1-4557-AAC6-4E2583460938}
	EndGlobalSection
EndGlobal
